<?xml version="1.0" encoding="UTF-8" standalone="yes" ?>
<CodeBlocks_project_file>
	<FileVersion major="1" minor="6" />
	<Project>
		<Option title="SpaceCraft" />
		<Option pch_mode="2" />
		<Option compiler="gcc" />
		<Build>
			<Target title="Debug">
				<Option output="bin/Debug/SpaceCraft" prefix_auto="1" extension_auto="1" />
				<Option object_output="obj/Debug/" />
				<Option type="1" />
				<Option compiler="gcc" />
				<Compiler>
					<Add option="-g" />
				</Compiler>
			</Target>
			<Target title="Release">
				<Option output="bin/Release/SpaceCraft" prefix_auto="1" extension_auto="1" />
				<Option object_output="obj/Release/" />
				<Option type="1" />
				<Option compiler="gcc" />
				<Compiler>
					<Add option="-O2" />
				</Compiler>
				<Linker>
					<Add option="-s" />
				</Linker>
			</Target>
		</Build>
		<Compiler>
			<Add option="-Wall" />
			<Add option="-fexceptions" />
		</Compiler>
		<Unit filename="Hra.cpp" />
		<Unit filename="Hra.h" />
		<Unit filename="Laser.cpp" />
		<Unit filename="Laser.h" />
		<Unit filename="LaserovaLodBuilder.cpp" />
		<Unit filename="LaserovaLodBuilder.h" />
		<Unit filename="Mapa.cpp" />
		<Unit filename="Mapa.h" />
		<Unit filename="Naklad.cpp" />
		<Unit filename="Naklad.h" />
		<Unit filename="Pirat.cpp" />
		<Unit filename="Pirat.h" />
		<Unit filename="Planeta.cpp" />
		<Unit filename="Planeta.h" />
		<Unit filename="Raketomet.cpp" />
		<Unit filename="Raketomet.h" />
		<Unit filename="RaketovaLodBuilder.cpp" />
		<Unit filename="RaketovaLodBuilder.h" />
		<Unit filename="Surovina.cpp" />
		<Unit filename="Surovina.h" />
		<Unit filename="VesmirnaLod.cpp" />
		<Unit filename="VesmirnaLod.h" />
		<Unit filename="VesmirnaLodBuilder.cpp" />
		<Unit filename="VesmirnaLodBuilder.h" />
		<Unit filename="VesmirnaLodDirector.cpp" />
		<Unit filename="VesmirnaLodDirector.h" />
		<Unit filename="Zbran.cpp" />
		<Unit filename="Zbran.h" />
		<Unit filename="main.cpp" />
		<Extensions>
			<code_completion />
			<envvars />
			<debugger />
		</Extensions>
	</Project>
</CodeBlocks_project_file>
